// !$*UTF8*$!
{
	archiveVersion = 1;
	classes = {
	};
	objectVersion = 55;
	objects = {

/* Begin PBXBuildFile section */
		F830CAB027F3540800B489A1 /* AppDelegate.swift in Sources */ = {isa = PBXBuildFile; fileRef = F830CAAF27F3540800B489A1 /* AppDelegate.swift */; };
		F830CAB227F3540800B489A1 /* SceneDelegate.swift in Sources */ = {isa = PBXBuildFile; fileRef = F830CAB127F3540800B489A1 /* SceneDelegate.swift */; };
		F830CAB427F3540800B489A1 /* ViewController.swift in Sources */ = {isa = PBXBuildFile; fileRef = F830CAB327F3540800B489A1 /* ViewController.swift */; };
		F830CAB727F3540800B489A1 /* Main.storyboard in Resources */ = {isa = PBXBuildFile; fileRef = F830CAB527F3540800B489A1 /* Main.storyboard */; };
		F830CAB927F3540A00B489A1 /* Assets.xcassets in Resources */ = {isa = PBXBuildFile; fileRef = F830CAB827F3540A00B489A1 /* Assets.xcassets */; };
		F830CABC27F3540A00B489A1 /* LaunchScreen.storyboard in Resources */ = {isa = PBXBuildFile; fileRef = F830CABA27F3540A00B489A1 /* LaunchScreen.storyboard */; };
		F830CAC727F3540A00B489A1 /* TableviewDemoTests.swift in Sources */ = {isa = PBXBuildFile; fileRef = F830CAC627F3540A00B489A1 /* TableviewDemoTests.swift */; };
		F830CAD127F3540A00B489A1 /* TableviewDemoUITests.swift in Sources */ = {isa = PBXBuildFile; fileRef = F830CAD027F3540A00B489A1 /* TableviewDemoUITests.swift */; };
		F830CAD327F3540A00B489A1 /* TableviewDemoUITestsLaunchTests.swift in Sources */ = {isa = PBXBuildFile; fileRef = F830CAD227F3540A00B489A1 /* TableviewDemoUITestsLaunchTests.swift */; };
		F830CAE027F355FD00B489A1 /* DetailsviewController.swift in Sources */ = {isa = PBXBuildFile; fileRef = F830CADF27F355FD00B489A1 /* DetailsviewController.swift */; };
/* End PBXBuildFile section */

/* Begin PBXContainerItemProxy section */
		F830CAC327F3540A00B489A1 /* PBXContainerItemProxy */ = {
			isa = PBXContainerItemProxy;
			containerPortal = F830CAA427F3540800B489A1 /* Project object */;
			proxyType = 1;
			remoteGlobalIDString = F830CAAB27F3540800B489A1;
			remoteInfo = TableviewDemo;
		};
		F830CACD27F3540A00B489A1 /* PBXContainerItemProxy */ = {
			isa = PBXContainerItemProxy;
			containerPortal = F830CAA427F3540800B489A1 /* Project object */;
			proxyType = 1;
			remoteGlobalIDString = F830CAAB27F3540800B489A1;
			remoteInfo = TableviewDemo;
		};
/* End PBXContainerItemProxy section */

/* Begin PBXFileReference section */
		F830CAAC27F3540800B489A1 /* TableviewDemo.app */ = {isa = PBXFileReference; explicitFileType = wrapper.application; includeInIndex = 0; path = TableviewDemo.app; sourceTree = BUILT_PRODUCTS_DIR; };
		F830CAAF27F3540800B489A1 /* AppDelegate.swift */ = {isa = PBXFileReference; lastKnownFileType = sourcecode.swift; path = AppDelegate.swift; sourceTree = "<group>"; };
		F830CAB127F3540800B489A1 /* SceneDelegate.swift */ = {isa = PBXFileReference; lastKnownFileType = sourcecode.swift; path = SceneDelegate.swift; sourceTree = "<group>"; };
		F830CAB327F3540800B489A1 /* ViewController.swift */ = {isa = PBXFileReference; lastKnownFileType = sourcecode.swift; path = ViewController.swift; sourceTree = "<group>"; };
		F830CAB627F3540800B489A1 /* Base */ = {isa = PBXFileReference; lastKnownFileType = file.storyboard; name = Base; path = Base.lproj/Main.storyboard; sourceTree = "<group>"; };
		F830CAB827F3540A00B489A1 /* Assets.xcassets */ = {isa = PBXFileReference; lastKnownFileType = folder.assetcatalog; path = Assets.xcassets; sourceTree = "<group>"; };
		F830CABB27F3540A00B489A1 /* Base */ = {isa = PBXFileReference; lastKnownFileType = file.storyboard; name = Base; path = Base.lproj/LaunchScreen.storyboard; sourceTree = "<group>"; };
		F830CABD27F3540A00B489A1 /* Info.plist */ = {isa = PBXFileReference; lastKnownFileType = text.plist.xml; path = Info.plist; sourceTree = "<group>"; };
		F830CAC227F3540A00B489A1 /* TableviewDemoTests.xctest */ = {isa = PBXFileReference; explicitFileType = wrapper.cfbundle; includeInIndex = 0; path = TableviewDemoTests.xctest; sourceTree = BUILT_PRODUCTS_DIR; };
		F830CAC627F3540A00B489A1 /* TableviewDemoTests.swift */ = {isa = PBXFileReference; lastKnownFileType = sourcecode.swift; path = TableviewDemoTests.swift; sourceTree = "<group>"; };
		F830CACC27F3540A00B489A1 /* TableviewDemoUITests.xctest */ = {isa = PBXFileReference; explicitFileType = wrapper.cfbundle; includeInIndex = 0; path = TableviewDemoUITests.xctest; sourceTree = BUILT_PRODUCTS_DIR; };
		F830CAD027F3540A00B489A1 /* TableviewDemoUITests.swift */ = {isa = PBXFileReference; lastKnownFileType = sourcecode.swift; path = TableviewDemoUITests.swift; sourceTree = "<group>"; };
		F830CAD227F3540A00B489A1 /* TableviewDemoUITestsLaunchTests.swift */ = {isa = PBXFileReference; lastKnownFileType = sourcecode.swift; path = TableviewDemoUITestsLaunchTests.swift; sourceTree = "<group>"; };
		F830CADF27F355FD00B489A1 /* DetailsviewController.swift */ = {isa = PBXFileReference; lastKnownFileType = sourcecode.swift; path = DetailsviewController.swift; sourceTree = "<group>"; };
/* End PBXFileReference section */

/* Begin PBXFrameworksBuildPhase section */
		F830CAA927F3540800B489A1 /* Frameworks */ = {
			isa = PBXFrameworksBuildPhase;
			buildActionMask = 2147483647;
			files = (
			);
			runOnlyForDeploymentPostprocessing = 0;
		};
		F830CABF27F3540A00B489A1 /* Frameworks */ = {
			isa = PBXFrameworksBuildPhase;
			buildActionMask = 2147483647;
			files = (
			);
			runOnlyForDeploymentPostprocessing = 0;
		};
		F830CAC927F3540A00B489A1 /* Frameworks */ = {
			isa = PBXFrameworksBuildPhase;
			buildActionMask = 2147483647;
			files = (
			);
			runOnlyForDeploymentPostprocessing = 0;
		};
/* End PBXFrameworksBuildPhase section */

/* Begin PBXGroup section */
		F830CAA327F3540800B489A1 = {
			isa = PBXGroup;
			children = (
				F830CAAE27F3540800B489A1 /* TableviewDemo */,
				F830CAC527F3540A00B489A1 /* TableviewDemoTests */,
				F830CACF27F3540A00B489A1 /* TableviewDemoUITests */,
				F830CAAD27F3540800B489A1 /* Products */,
			);
			sourceTree = "<group>";
		};
		F830CAAD27F3540800B489A1 /* Products */ = {
			isa = PBXGroup;
			children = (
				F830CAAC27F3540800B489A1 /* TableviewDemo.app */,
				F830CAC227F3540A00B489A1 /* TableviewDemoTests.xctest */,
				F830CACC27F3540A00B489A1 /* TableviewDemoUITests.xctest */,
			);
			name = Products;
			sourceTree = "<group>";
		};
		F830CAAE27F3540800B489A1 /* TableviewDemo */ = {
			isa = PBXGroup;
			children = (
				F830CAAF27F3540800B489A1 /* AppDelegate.swift */,
				F830CAB127F3540800B489A1 /* SceneDelegate.swift */,
				F830CAB327F3540800B489A1 /* ViewController.swift */,
				F830CAB527F3540800B489A1 /* Main.storyboard */,
				F830CAB827F3540A00B489A1 /* Assets.xcassets */,
				F830CABA27F3540A00B489A1 /* LaunchScreen.storyboard */,
				F830CABD27F3540A00B489A1 /* Info.plist */,
				F830CADF27F355FD00B489A1 /* DetailsviewController.swift */,
			);
			path = TableviewDemo;
			sourceTree = "<group>";
		};
		F830CAC527F3540A00B489A1 /* TableviewDemoTests */ = {
			isa = PBXGroup;
			children = (
				F830CAC627F3540A00B489A1 /* TableviewDemoTests.swift */,
			);
			path = TableviewDemoTests;
			sourceTree = "<group>";
		};
		F830CACF27F3540A00B489A1 /* TableviewDemoUITests */ = {
			isa = PBXGroup;
			children = (
				F830CAD027F3540A00B489A1 /* TableviewDemoUITests.swift */,
				F830CAD227F3540A00B489A1 /* TableviewDemoUITestsLaunchTests.swift */,
			);
			path = TableviewDemoUITests;
			sourceTree = "<group>";
		};
/* End PBXGroup section */

/* Begin PBXNativeTarget section */
		F830CAAB27F3540800B489A1 /* TableviewDemo */ = {
			isa = PBXNativeTarget;
			buildConfigurationList = F830CAD627F3540A00B489A1 /* Build configuration list for PBXNativeTarget "TableviewDemo" */;
			buildPhases = (
				F830CAA827F3540800B489A1 /* Sources */,
				F830CAA927F3540800B489A1 /* Frameworks */,
				F830CAAA27F3540800B489A1 /* Resources */,
			);
			buildRules = (
			);
			dependencies = (
			);
			name = TableviewDemo;
			productName = TableviewDemo;
			productReference = F830CAAC27F3540800B489A1 /* TableviewDemo.app */;
			productType = "com.apple.product-type.application";
		};
		F830CAC127F3540A00B489A1 /* TableviewDemoTests */ = {
			isa = PBXNativeTarget;
			buildConfigurationList = F830CAD927F3540A00B489A1 /* Build configuration list for PBXNativeTarget "TableviewDemoTests" */;
			buildPhases = (
				F830CABE27F3540A00B489A1 /* Sources */,
				F830CABF27F3540A00B489A1 /* Frameworks */,
				F830CAC027F3540A00B489A1 /* Resources */,
			);
			buildRules = (
			);
			dependencies = (
				F830CAC427F3540A00B489A1 /* PBXTargetDependency */,
			);
			name = TableviewDemoTests;
			productName = TableviewDemoTests;
			productReference = F830CAC227F3540A00B489A1 /* TableviewDemoTests.xctest */;
			productType = "com.apple.product-type.bundle.unit-test";
		};
		F830CACB27F3540A00B489A1 /* TableviewDemoUITests */ = {
			isa = PBXNativeTarget;
			buildConfigurationList = F830CADC27F3540A00B489A1 /* Build configuration list for PBXNativeTarget "TableviewDemoUITests" */;
			buildPhases = (
				F830CAC827F3540A00B489A1 /* Sources */,
				F830CAC927F3540A00B489A1 /* Frameworks */,
				F830CACA27F3540A00B489A1 /* Resources */,
			);
			buildRules = (
			);
			dependencies = (
				F830CACE27F3540A00B489A1 /* PBXTargetDependency */,
			);
			name = TableviewDemoUITests;
			productName = TableviewDemoUITests;
			productReference = F830CACC27F3540A00B489A1 /* TableviewDemoUITests.xctest */;
			productType = "com.apple.product-type.bundle.ui-testing";
		};
/* End PBXNativeTarget section */

/* Begin PBXProject section */
		F830CAA427F3540800B489A1 /* Project object */ = {
			isa = PBXProject;
			attributes = {
				BuildIndependentTargetsInParallel = 1;
				LastSwiftUpdateCheck = 1320;
				LastUpgradeCheck = 1320;
				TargetAttributes = {
					F830CAAB27F3540800B489A1 = {
						CreatedOnToolsVersion = 13.2.1;
					};
					F830CAC127F3540A00B489A1 = {
						CreatedOnToolsVersion = 13.2.1;
						TestTargetID = F830CAAB27F3540800B489A1;
					};
					F830CACB27F3540A00B489A1 = {
						CreatedOnToolsVersion = 13.2.1;
						TestTargetID = F830CAAB27F3540800B489A1;
					};
				};
			};
			buildConfigurationList = F830CAA727F3540800B489A1 /* Build configuration list for PBXProject "TableviewDemo" */;
			compatibilityVersion = "Xcode 13.0";
			developmentRegion = en;
			hasScannedForEncodings = 0;
			knownRegions = (
				en,
				Base,
			);
			mainGroup = F830CAA327F3540800B489A1;
			productRefGroup = F830CAAD27F3540800B489A1 /* Products */;
			projectDirPath = "";
			projectRoot = "";
			targets = (
				F830CAAB27F3540800B489A1 /* TableviewDemo */,
				F830CAC127F3540A00B489A1 /* TableviewDemoTests */,
				F830CACB27F3540A00B489A1 /* TableviewDemoUITests */,
			);
		};
/* End PBXProject section */

/* Begin PBXResourcesBuildPhase section */
		F830CAAA27F3540800B489A1 /* Resources */ = {
			isa = PBXResourcesBuildPhase;
			buildActionMask = 2147483647;
			files = (
				F830CABC27F3540A00B489A1 /* LaunchScreen.storyboard in Resources */,
				F830CAB927F3540A00B489A1 /* Assets.xcassets in Resources */,
				F830CAB727F3540800B489A1 /* Main.storyboard in Resources */,
			);
			runOnlyForDeploymentPostprocessing = 0;
		};
		F830CAC027F3540A00B489A1 /* Resources */ = {
			isa = PBXResourcesBuildPhase;
			buildActionMask = 2147483647;
			files = (
			);
			runOnlyForDeploymentPostprocessing = 0;
		};
		F830CACA27F3540A00B489A1 /* Resources */ = {
			isa = PBXResourcesBuildPhase;
			buildActionMask = 2147483647;
			files = (
			);
			runOnlyForDeploymentPostprocessing = 0;
		};
/* End PBXResourcesBuildPhase section */

/* Begin PBXSourcesBuildPhase section */
		F830CAA827F3540800B489A1 /* Sources */ = {
			isa = PBXSourcesBuildPhase;
			buildActionMask = 2147483647;
			files = (
				F830CAB427F3540800B489A1 /* ViewController.swift in Sources */,
				F830CAB027F3540800B489A1 /* AppDelegate.swift in Sources */,
				F830CAB227F3540800B489A1 /* SceneDelegate.swift in Sources */,
				F830CAE027F355FD00B489A1 /* DetailsviewController.swift in Sources */,
			);
			runOnlyForDeploymentPostprocessing = 0;
		};
		F830CABE27F3540A00B489A1 /* Sources */ = {
			isa = PBXSourcesBuildPhase;
			buildActionMask = 2147483647;
			files = (
				F830CAC727F3540A00B489A1 /* TableviewDemoTests.swift in Sources */,
			);
			runOnlyForDeploymentPostprocessing = 0;
		};
		F830CAC827F3540A00B489A1 /* Sources */ = {
			isa = PBXSourcesBuildPhase;
			buildActionMask = 2147483647;
			files = (
				F830CAD127F3540A00B489A1 /* TableviewDemoUITests.swift in Sources */,
				F830CAD327F3540A00B489A1 /* TableviewDemoUITestsLaunchTests.swift in Sources */,
			);
			runOnlyForDeploymentPostprocessing = 0;
		};
/* End PBXSourcesBuildPhase section */

/* Begin PBXTargetDependency section */
		F830CAC427F3540A00B489A1 /* PBXTargetDependency */ = {
			isa = PBXTargetDependency;
			target = F830CAAB27F3540800B489A1 /* TableviewDemo */;
			targetProxy = F830CAC327F3540A00B489A1 /* PBXContainerItemProxy */;
		};
		F830CACE27F3540A00B489A1 /* PBXTargetDependency */ = {
			isa = PBXTargetDependency;
			target = F830CAAB27F3540800B489A1 /* TableviewDemo */;
			targetProxy = F830CACD27F3540A00B489A1 /* PBXContainerItemProxy */;
		};
/* End PBXTargetDependency section */

/* Begin PBXVariantGroup section */
		F830CAB527F3540800B489A1 /* Main.storyboard */ = {
			isa = PBXVariantGroup;
			children = (
				F830CAB627F3540800B489A1 /* Base */,
			);
			name = Main.storyboard;
			sourceTree = "<group>";
		};
		F830CABA27F3540A00B489A1 /* LaunchScreen.storyboard */ = {
			isa = PBXVariantGroup;
			children = (
				F830CABB27F3540A00B489A1 /* Base */,
			);
			name = LaunchScreen.storyboard;
			sourceTree = "<group>";
		};
/* End PBXVariantGroup section */

/* Begin XCBuildConfiguration section */
		F830CAD427F3540A00B489A1 /* Debug */ = {
			isa = XCBuildConfiguration;
			buildSettings = {
				ALWAYS_SEARCH_USER_PATHS = NO;
				CLANG_ANALYZER_NONNULL = YES;
				CLANG_ANALYZER_NUMBER_OBJECT_CONVERSION = YES_AGGRESSIVE;
				CLANG_CXX_LANGUAGE_STANDARD = "gnu++17";
				CLANG_CXX_LIBRARY = "libc++";
				CLANG_ENABLE_MODULES = YES;
				CLANG_ENABLE_OBJC_ARC = YES;
				CLANG_ENABLE_OBJC_WEAK = YES;
				CLANG_WARN_BLOCK_CAPTURE_AUTORELEASING = YES;
				CLANG_WARN_BOOL_CONVERSION = YES;
				CLANG_WARN_COMMA = YES;
				CLANG_WARN_CONSTANT_CONVERSION = YES;
				CLANG_WARN_DEPRECATED_OBJC_IMPLEMENTATIONS = YES;
				CLANG_WARN_DIRECT_OBJC_ISA_USAGE = YES_ERROR;
				CLANG_WARN_DOCUMENTATION_COMMENTS = YES;
				CLANG_WARN_EMPTY_BODY = YES;
				CLANG_WARN_ENUM_CONVERSION = YES;
				CLANG_WARN_INFINITE_RECURSION = YES;
				CLANG_WARN_INT_CONVERSION = YES;
				CLANG_WARN_NON_LITERAL_NULL_CONVERSION = YES;
				CLANG_WARN_OBJC_IMPLICIT_RETAIN_SELF = YES;
				CLANG_WARN_OBJC_LITERAL_CONVERSION = YES;
				CLANG_WARN_OBJC_ROOT_CLASS = YES_ERROR;
				CLANG_WARN_QUOTED_INCLUDE_IN_FRAMEWORK_HEADER = YES;
				CLANG_WARN_RANGE_LOOP_ANALYSIS = YES;
				CLANG_WARN_STRICT_PROTOTYPES = YES;
				CLANG_WARN_SUSPICIOUS_MOVE = YES;
				CLANG_WARN_UNGUARDED_AVAILABILITY = YES_AGGRESSIVE;
				CLANG_WARN_UNREACHABLE_CODE = YES;
				CLANG_WARN__DUPLICATE_METHOD_MATCH = YES;
				COPY_PHASE_STRIP = NO;
				DEBUG_INFORMATION_FORMAT = dwarf;
				ENABLE_STRICT_OBJC_MSGSEND = YES;
				ENABLE_TESTABILITY = YES;
				GCC_C_LANGUAGE_STANDARD = gnu11;
				GCC_DYNAMIC_NO_PIC = NO;
				GCC_NO_COMMON_BLOCKS = YES;
				GCC_OPTIMIZATION_LEVEL = 0;
				GCC_PREPROCESSOR_DEFINITIONS = (
					"DEBUG=1",
					"$(inherited)",
				);
				GCC_WARN_64_TO_32_BIT_CONVERSION = YES;
				GCC_WARN_ABOUT_RETURN_TYPE = YES_ERROR;
				GCC_WARN_UNDECLARED_SELECTOR = YES;
				GCC_WARN_UNINITIALIZED_AUTOS = YES_AGGRESSIVE;
				GCC_WARN_UNUSED_FUNCTION = YES;
				GCC_WARN_UNUSED_VARIABLE = YES;
				IPHONEOS_DEPLOYMENT_TARGET = 15.2;
				MTL_ENABLE_DEBUG_INFO = INCLUDE_SOURCE;
				MTL_FAST_MATH = YES;
				ONLY_ACTIVE_ARCH = YES;
				SDKROOT = iphoneos;
				SWIFT_ACTIVE_COMPILATION_CONDITIONS = DEBUG;
				SWIFT_OPTIMIZATION_LEVEL = "-Onone";
			};
			name = Debug;
		};
		F830CAD527F3540A00B489A1 /* Release */ = {
			isa = XCBuildConfiguration;
			buildSettings = {
				ALWAYS_SEARCH_USER_PATHS = NO;
				CLANG_ANALYZER_NONNULL = YES;
				CLANG_ANALYZER_NUMBER_OBJECT_CONVERSION = YES_AGGRESSIVE;
				CLANG_CXX_LANGUAGE_STANDARD = "gnu++17";
				CLANG_CXX_LIBRARY = "libc++";
				CLANG_ENABLE_MODULES = YES;
				CLANG_ENABLE_OBJC_ARC = YES;
				CLANG_ENABLE_OBJC_WEAK = YES;
				CLANG_WARN_BLOCK_CAPTURE_AUTORELEASING = YES;
				CLANG_WARN_BOOL_CONVERSION = YES;
				CLANG_WARN_COMMA = YES;
				CLANG_WARN_CONSTANT_CONVERSION = YES;
				CLANG_WARN_DEPRECATED_OBJC_IMPLEMENTATIONS = YES;
				CLANG_WARN_DIRECT_OBJC_ISA_USAGE = YES_ERROR;
				CLANG_WARN_DOCUMENTATION_COMMENTS = YES;
				CLANG_WARN_EMPTY_BODY = YES;
				CLANG_WARN_ENUM_CONVERSION = YES;
				CLANG_WARN_INFINITE_RECURSION = YES;
				CLANG_WARN_INT_CONVERSION = YES;
				CLANG_WARN_NON_LITERAL_NULL_CONVERSION = YES;
				CLANG_WARN_OBJC_IMPLICIT_RETAIN_SELF = YES;
				CLANG_WARN_OBJC_LITERAL_CONVERSION = YES;
				CLANG_WARN_OBJC_ROOT_CLASS = YES_ERROR;
				CLANG_WARN_QUOTED_INCLUDE_IN_FRAMEWORK_HEADER = YES;
				CLANG_WARN_RANGE_LOOP_ANALYSIS = YES;
				CLANG_WARN_STRICT_PROTOTYPES = YES;
				CLANG_WARN_SUSPICIOUS_MOVE = YES;
				CLANG_WARN_UNGUARDED_AVAILABILITY = YES_AGGRESSIVE;
				CLANG_WARN_UNREACHABLE_CODE = YES;
				CLANG_WARN__DUPLICATE_METHOD_MATCH = YES;
				COPY_PHASE_STRIP = NO;
				DEBUG_INFORMATION_FORMAT = "dwarf-with-dsym";
				ENABLE_NS_ASSERTIONS = NO;
				ENABLE_STRICT_OBJC_MSGSEND = YES;
				GCC_C_LANGUAGE_STANDARD = gnu11;
				GCC_NO_COMMON_BLOCKS = YES;
				GCC_WARN_64_TO_32_BIT_CONVERSION = YES;
				GCC_WARN_ABOUT_RETURN_TYPE = YES_ERROR;
				GCC_WARN_UNDECLARED_SELECTOR = YES;
				GCC_WARN_UNINITIALIZED_AUTOS = YES_AGGRESSIVE;
				GCC_WARN_UNUSED_FUNCTION = YES;
				GCC_WARN_UNUSED_VARIABLE = YES;
				IPHONEOS_DEPLOYMENT_TARGET = 15.2;
				MTL_ENABLE_DEBUG_INFO = NO;
				MTL_FAST_MATH = YES;
				SDKROOT = iphoneos;
				SWIFT_COMPILATION_MODE = wholemodule;
				SWIFT_OPTIMIZATION_LEVEL = "-O";
				VALIDATE_PRODUCT = YES;
			};
			name = Release;
		};
		F830CAD727F3540A00B489A1 /* Debug */ = {
			isa = XCBuildConfiguration;
			buildSettings = {
				ASSETCATALOG_COMPILER_APPICON_NAME = AppIcon;
				ASSETCATALOG_COMPILER_GLOBAL_ACCENT_COLOR_NAME = AccentColor;
				CODE_SIGN_STYLE = Automatic;
				CURRENT_PROJECT_VERSION = 1;
				GENERATE_INFOPLIST_FILE = YES;
				INFOPLIST_FILE = TableviewDemo/Info.plist;
				INFOPLIST_KEY_CFBundleDisplayName = TablevoewDemo;
				INFOPLIST_KEY_UIApplicationSupportsIndirectInputEvents = YES;
				INFOPLIST_KEY_UILaunchStoryboardName = LaunchScreen;
				INFOPLIST_KEY_UIMainStoryboardFile = Main;
				INFOPLIST_KEY_UISupportedInterfaceOrientations_iPad = "UIInterfaceOrientationPortrait UIInterfaceOrientationPortraitUpsideDown UIInterfaceOrientationLandscapeLeft UIInterfaceOrientationLandscapeRight";
				INFOPLIST_KEY_UISupportedInterfaceOrientations_iPhone = "UIInterfaceOrientationPortrait UIInterfaceOrientationLandscapeLeft UIInterfaceOrientationLandscapeRight";
				LD_RUNPATH_SEARCH_PATHS = (
					"$(inherited)",
					"@executable_path/Frameworks",
				);
				MARKETING_VERSION = 1.0;
				PRODUCT_BUNDLE_IDENTIFIER = nwmissouri.TableviewDemo;
				PRODUCT_NAME = "$(TARGET_NAME)";
				SWIFT_EMIT_LOC_STRINGS = YES;
				SWIFT_VERSION = 5.0;
				TARGETED_DEVICE_FAMILY = "1,2";
			};
			name = Debug;
		};
		F830CAD827F3540A00B489A1 /* Release */ = {
			isa = XCBuildConfiguration;
			buildSettings = {
				ASSETCATALOG_COMPILER_APPICON_NAME = AppIcon;
				ASSETCATALOG_COMPILER_GLOBAL_ACCENT_COLOR_NAME = AccentColor;
				CODE_SIGN_STYLE = Automatic;
				CURRENT_PROJECT_VERSION = 1;
				GENERATE_INFOPLIST_FILE = YES;
				INFOPLIST_FILE = TableviewDemo/Info.plist;
				INFOPLIST_KEY_CFBundleDisplayName = TablevoewDemo;
				INFOPLIST_KEY_UIApplicationSupportsIndirectInputEvents = YES;
				INFOPLIST_KEY_UILaunchStoryboardName = LaunchScreen;
				INFOPLIST_KEY_UIMainStoryboardFile = Main;
				INFOPLIST_KEY_UISupportedInterfaceOrientations_iPad = "UIInterfaceOrientationPortrait UIInterfaceOrientationPortraitUpsideDown UIInterfaceOrientationLandscapeLeft UIInterfaceOrientationLandscapeRight";
				INFOPLIST_KEY_UISupportedInterfaceOrientations_iPhone = "UIInterfaceOrientationPortrait UIInterfaceOrientationLandscapeLeft UIInterfaceOrientationLandscapeRight";
				LD_RUNPATH_SEARCH_PATHS = (
					"$(inherited)",
					"@executable_path/Frameworks",
				);
				MARKETING_VERSION = 1.0;
				PRODUCT_BUNDLE_IDENTIFIER = nwmissouri.TableviewDemo;
				PRODUCT_NAME = "$(TARGET_NAME)";
				SWIFT_EMIT_LOC_STRINGS = YES;
				SWIFT_VERSION = 5.0;
				TARGETED_DEVICE_FAMILY = "1,2";
			};
			name = Release;
		};
		F830CADA27F3540A00B489A1 /* Debug */ = {
			isa = XCBuildConfiguration;
			buildSettings = {
				ALWAYS_EMBED_SWIFT_STANDARD_LIBRARIES = YES;
				BUNDLE_LOADER = "$(TEST_HOST)";
				CODE_SIGN_STYLE = Automatic;
				CURRENT_PROJECT_VERSION = 1;
				GENERATE_INFOPLIST_FILE = YES;
				IPHONEOS_DEPLOYMENT_TARGET = 15.2;
				MARKETING_VERSION = 1.0;
				PRODUCT_BUNDLE_IDENTIFIER = nwmissouri.TableviewDemoTests;
				PRODUCT_NAME = "$(TARGET_NAME)";
				SWIFT_EMIT_LOC_STRINGS = NO;
				SWIFT_VERSION = 5.0;
				TARGETED_DEVICE_FAMILY = "1,2";
				TEST_HOST = "$(BUILT_PRODUCTS_DIR)/TableviewDemo.app/TableviewDemo";
			};
			name = Debug;
		};
		F830CADB27F3540A00B489A1 /* Release */ = {
			isa = XCBuildConfiguration;
			buildSettings = {
				ALWAYS_EMBED_SWIFT_STANDARD_LIBRARIES = YES;
				BUNDLE_LOADER = "$(TEST_HOST)";
				CODE_SIGN_STYLE = Automatic;
				CURRENT_PROJECT_VERSION = 1;
				GENERATE_INFOPLIST_FILE = YES;
				IPHONEOS_DEPLOYMENT_TARGET = 15.2;
				MARKETING_VERSION = 1.0;
				PRODUCT_BUNDLE_IDENTIFIER = nwmissouri.TableviewDemoTests;
				PRODUCT_NAME = "$(TARGET_NAME)";
				SWIFT_EMIT_LOC_STRINGS = NO;
				SWIFT_VERSION = 5.0;
				TARGETED_DEVICE_FAMILY = "1,2";
				TEST_HOST = "$(BUILT_PRODUCTS_DIR)/TableviewDemo.app/TableviewDemo";
			};
			name = Release;
		};
		F830CADD27F3540A00B489A1 /* Debug */ = {
			isa = XCBuildConfiguration;
			buildSettings = {
				ALWAYS_EMBED_SWIFT_STANDARD_LIBRARIES = YES;
				CODE_SIGN_STYLE = Automatic;
				CURRENT_PROJECT_VERSION = 1;
				GENERATE_INFOPLIST_FILE = YES;
				MARKETING_VERSION = 1.0;
				PRODUCT_BUNDLE_IDENTIFIER = nwmissouri.TableviewDemoUITests;
				PRODUCT_NAME = "$(TARGET_NAME)";
				SWIFT_EMIT_LOC_STRINGS = NO;
				SWIFT_VERSION = 5.0;
				TARGETED_DEVICE_FAMILY = "1,2";
				TEST_TARGET_NAME = TableviewDemo;
			};
			name = Debug;
		};
		F830CADE27F3540A00B489A1 /* Release */ = {
			isa = XCBuildConfiguration;
			buildSettings = {
				ALWAYS_EMBED_SWIFT_STANDARD_LIBRARIES = YES;
				CODE_SIGN_STYLE = Automatic;
				CURRENT_PROJECT_VERSION = 1;
				GENERATE_INFOPLIST_FILE = YES;
				MARKETING_VERSION = 1.0;
				PRODUCT_BUNDLE_IDENTIFIER = nwmissouri.TableviewDemoUITests;
				PRODUCT_NAME = "$(TARGET_NAME)";
				SWIFT_EMIT_LOC_STRINGS = NO;
				SWIFT_VERSION = 5.0;
				TARGETED_DEVICE_FAMILY = "1,2";
				TEST_TARGET_NAME = TableviewDemo;
			};
			name = Release;
		};
/* End XCBuildConfiguration section */

/* Begin XCConfigurationList section */
		F830CAA727F3540800B489A1 /* Build configuration list for PBXProject "TableviewDemo" */ = {
			isa = XCConfigurationList;
			buildConfigurations = (
				F830CAD427F3540A00B489A1 /* Debug */,
				F830CAD527F3540A00B489A1 /* Release */,
			);
			defaultConfigurationIsVisible = 0;
			defaultConfigurationName = Release;
		};
		F830CAD627F3540A00B489A1 /* Build configuration list for PBXNativeTarget "TableviewDemo" */ = {
			isa = XCConfigurationList;
			buildConfigurations = (
				F830CAD727F3540A00B489A1 /* Debug */,
				F830CAD827F3540A00B489A1 /* Release */,
			);
			defaultConfigurationIsVisible = 0;
			defaultConfigurationName = Release;
		};
		F830CAD927F3540A00B489A1 /* Build configuration list for PBXNativeTarget "TableviewDemoTests" */ = {
			isa = XCConfigurationList;
			buildConfigurations = (
				F830CADA27F3540A00B489A1 /* Debug */,
				F830CADB27F3540A00B489A1 /* Release */,
			);
			defaultConfigurationIsVisible = 0;
			defaultConfigurationName = Release;
		};
		F830CADC27F3540A00B489A1 /* Build configuration list for PBXNativeTarget "TableviewDemoUITests" */ = {
			isa = XCConfigurationList;
			buildConfigurations = (
				F830CADD27F3540A00B489A1 /* Debug */,
				F830CADE27F3540A00B489A1 /* Release */,
			);
			defaultConfigurationIsVisible = 0;
			defaultConfigurationName = Release;
		};
/* End XCConfigurationList section */
	};
	rootObject = F830CAA427F3540800B489A1 /* Project object */;
}
